# This file is autogenerated, do not edit; changes may be undone by the next 'dep ensure'.


[[projects]]
  name = "github.com/mattn/go-runewidth"
  packages = ["."]
  revision = "9e777a8366cce605130a531d2cd6363d07ad7317"
  version = "v0.0.2"

[[projects]]
  branch = "master"
  name = "github.com/olekukonko/tablewriter"
  packages = ["."]
  revision = "65fec0d89a572b4367094e2058d3ebe667de3b60"

[[projects]]
  branch = "master"
  name = "github.com/zcong1993/utils"
  packages = ["."]
  revision = "166641bf551a5f1b30d5809dfeccdbe59e050389"

[solve-meta]
  analyzer-name = "dep"
  analyzer-version = 1
  inputs-digest = "9fac70a9383b77627cec8b5a32060e8a97ce356175e597cd27da4f3ebf5f014f"
  solver-name = "gps-cdcl"
  solver-version = 1
